
Microsoft Visual Studio Solution File, Format Version 12.00
Project("{FAE04EC0-301F-11D3-BF4B-00C04F79EFBC}") = "Sample", "Sample\Sample.csproj", "{60FBF5C7-ED4E-4575-99C3-A8062E9DE8DB}"
EndProject
Project("{FAE04EC0-301F-11D3-BF4B-00C04F79EFBC}") = "FNA.Core", "FNA\FNA.Core.csproj", "{D3C92ECF-8010-455E-B49C-E3D451EFB946}"
EndProject
Project("{FAE04EC0-301F-11D3-BF4B-00C04F79EFBC}") = "Nez.FNA.Core", "Nez\Nez.Portable\Nez.FNA.Core.csproj", "{2B642EF4-69A6-4B36-88F9-B404E1A3A9DD}"
EndProject
Global
	GlobalSection(SolutionConfigurationPlatforms) = preSolution
		Debug|Any CPU = Debug|Any CPU
		Release|Any CPU = Release|Any CPU
	EndGlobalSection
	GlobalSection(ProjectConfigurationPlatforms) = postSolution
		{60FBF5C7-ED4E-4575-99C3-A8062E9DE8DB}.Debug|Any CPU.ActiveCfg = Debug|Any CPU
		{60FBF5C7-ED4E-4575-99C3-A8062E9DE8DB}.Debug|Any CPU.Build.0 = Debug|Any CPU
		{60FBF5C7-ED4E-4575-99C3-A8062E9DE8DB}.Release|Any CPU.ActiveCfg = Release|Any CPU
		{60FBF5C7-ED4E-4575-99C3-A8062E9DE8DB}.Release|Any CPU.Build.0 = Release|Any CPU
		{D3C92ECF-8010-455E-B49C-E3D451EFB946}.Debug|Any CPU.ActiveCfg = Debug|Any CPU
		{D3C92ECF-8010-455E-B49C-E3D451EFB946}.Debug|Any CPU.Build.0 = Debug|Any CPU
		{D3C92ECF-8010-455E-B49C-E3D451EFB946}.Release|Any CPU.ActiveCfg = Release|Any CPU
		{D3C92ECF-8010-455E-B49C-E3D451EFB946}.Release|Any CPU.Build.0 = Release|Any CPU
		{2B642EF4-69A6-4B36-88F9-B404E1A3A9DD}.Debug|Any CPU.ActiveCfg = Debug|Any CPU
		{2B642EF4-69A6-4B36-88F9-B404E1A3A9DD}.Debug|Any CPU.Build.0 = Debug|Any CPU
		{2B642EF4-69A6-4B36-88F9-B404E1A3A9DD}.Release|Any CPU.ActiveCfg = Release|Any CPU
		{2B642EF4-69A6-4B36-88F9-B404E1A3A9DD}.Release|Any CPU.Build.0 = Release|Any CPU
	EndGlobalSection
EndGlobal
